# THIS IS AN AUTOGENERATED FILE. DO NOT EDIT THIS FILE DIRECTLY.
# yarn lockfile v1


nestjs-mailer@^1.0.1:
  version "1.0.1"
  resolved "https://registry.yarnpkg.com/nestjs-mailer/-/nestjs-mailer-1.0.1.tgz#8e0267703f015678b1c4960a27edac50618ab85e"
  integrity sha512-ilR/mw/+U4Sd4V8fW39oXKs7wbHaiGyahrEVCgtSL8VZ9/cjimpBBMVOzwzcn3lMWI8jPDVgEri3ajDlWcggNQ==
